
Microsoft Visual Studio Solution File, Format Version 12.00
# Visual Studio Version 16
VisualStudioVersion = 16.0.30523.141
MinimumVisualStudioVersion = 10.0.40219.1
Project("{FAE04EC0-301F-11D3-BF4B-00C04F79EFBC}") = "SeleniumProjects", "SeleniumProjects\SeleniumProjects.csproj", "{C22536DD-460F-4128-AF18-5682157D675F}"
EndProject
Global
	GlobalSection(SolutionConfigurationPlatforms) = preSolution
		Debug|Any CPU = Debug|Any CPU
		Release|Any CPU = Release|Any CPU
	EndGlobalSection
	GlobalSection(ProjectConfigurationPlatforms) = postSolution
		{C22536DD-460F-4128-AF18-5682157D675F}.Debug|Any CPU.ActiveCfg = Debug|Any CPU
		{C22536DD-460F-4128-AF18-5682157D675F}.Debug|Any CPU.Build.0 = Debug|Any CPU
		{C22536DD-460F-4128-AF18-5682157D675F}.Release|Any CPU.ActiveCfg = Release|Any CPU
		{C22536DD-460F-4128-AF18-5682157D675F}.Release|Any CPU.Build.0 = Release|Any CPU
	EndGlobalSection
	GlobalSection(SolutionProperties) = preSolution
		HideSolutionNode = FALSE
	EndGlobalSection
	GlobalSection(ExtensibilityGlobals) = postSolution
		SolutionGuid = {EEB10A35-BAD8-4432-A117-9DA5DE95BCCB}
	EndGlobalSection
EndGlobal
